
Microsoft Visual Studio Solution File, Format Version 12.00
# Visual Studio Version 17
VisualStudioVersion = 17.9.34902.65
MinimumVisualStudioVersion = 10.0.40219.1
Project("{FAE04EC0-301F-11D3-BF4B-00C04F79EFBC}") = "Hudalibraryproject", "Hudalibraryproject\Hudalibraryproject.csproj", "{05243457-395D-42C4-990C-ED466DC4FB86}"
EndProject
Global
	GlobalSection(SolutionConfigurationPlatforms) = preSolution
		Debug|Any CPU = Debug|Any CPU
		Release|Any CPU = Release|Any CPU
	EndGlobalSection
	GlobalSection(ProjectConfigurationPlatforms) = postSolution
		{05243457-395D-42C4-990C-ED466DC4FB86}.Debug|Any CPU.ActiveCfg = Debug|Any CPU
		{05243457-395D-42C4-990C-ED466DC4FB86}.Debug|Any CPU.Build.0 = Debug|Any CPU
		{05243457-395D-42C4-990C-ED466DC4FB86}.Release|Any CPU.ActiveCfg = Release|Any CPU
		{05243457-395D-42C4-990C-ED466DC4FB86}.Release|Any CPU.Build.0 = Release|Any CPU
	EndGlobalSection
	GlobalSection(SolutionProperties) = preSolution
		HideSolutionNode = FALSE
	EndGlobalSection
	GlobalSection(ExtensibilityGlobals) = postSolution
		SolutionGuid = {02305570-FD73-461D-BCAD-3D56ABBF37E1}
	EndGlobalSection
EndGlobal
